
Microsoft Visual Studio Solution File, Format Version 12.00
# Visual Studio 15
Project("{FAE04EC0-301F-11D3-BF4B-00C04F79EFBC}") = "Assembly-CSharp", "Assembly-CSharp.csproj", "{83BE2866-0A53-71D6-C680-423D67BBAD46}"
EndProject
Project("{FAE04EC0-301F-11D3-BF4B-00C04F79EFBC}") = "WorldBuildingRuntime", "WorldBuildingRuntime.csproj", "{B800E4F2-30A9-F784-232A-E033F336A026}"
EndProject
Project("{FAE04EC0-301F-11D3-BF4B-00C04F79EFBC}") = "NavMeshComponents", "NavMeshComponents.csproj", "{C945A580-5400-7BA4-1FD7-C497A30112F4}"
EndProject
Project("{FAE04EC0-301F-11D3-BF4B-00C04F79EFBC}") = "SimpleSFXRuntime", "SimpleSFXRuntime.csproj", "{40320BE4-AEB5-E028-7BED-818B971CF343}"
EndProject
Project("{FAE04EC0-301F-11D3-BF4B-00C04F79EFBC}") = "Skybox3DRuntime", "Skybox3DRuntime.csproj", "{43ACE710-3F02-7D9D-BD80-4B4D9009893E}"
EndProject
Project("{FAE04EC0-301F-11D3-BF4B-00C04F79EFBC}") = "Assembly-CSharp-Editor", "Assembly-CSharp-Editor.csproj", "{7926239A-6C7E-9C3C-C0EF-AC76800C7274}"
EndProject
Project("{FAE04EC0-301F-11D3-BF4B-00C04F79EFBC}") = "NavMeshComponentsEditor", "NavMeshComponentsEditor.csproj", "{B938CEC1-FB25-CEA7-4382-0F0708AEB80F}"
EndProject
Project("{FAE04EC0-301F-11D3-BF4B-00C04F79EFBC}") = "PackageManagerCheck", "PackageManagerCheck.csproj", "{6FA8F7E8-440B-0BD2-A3F4-5BF57734D48C}"
EndProject
Global
	GlobalSection(SolutionConfigurationPlatforms) = preSolution
		Debug|Any CPU = Debug|Any CPU
		Release|Any CPU = Release|Any CPU
	EndGlobalSection
	GlobalSection(ProjectConfigurationPlatforms) = postSolution
		{83BE2866-0A53-71D6-C680-423D67BBAD46}.Debug|Any CPU.ActiveCfg = Debug|Any CPU
		{83BE2866-0A53-71D6-C680-423D67BBAD46}.Debug|Any CPU.Build.0 = Debug|Any CPU
		{83BE2866-0A53-71D6-C680-423D67BBAD46}.Release|Any CPU.ActiveCfg = Release|Any CPU
		{83BE2866-0A53-71D6-C680-423D67BBAD46}.Release|Any CPU.Build.0 = Release|Any CPU
		{B800E4F2-30A9-F784-232A-E033F336A026}.Debug|Any CPU.ActiveCfg = Debug|Any CPU
		{B800E4F2-30A9-F784-232A-E033F336A026}.Debug|Any CPU.Build.0 = Debug|Any CPU
		{B800E4F2-30A9-F784-232A-E033F336A026}.Release|Any CPU.ActiveCfg = Release|Any CPU
		{B800E4F2-30A9-F784-232A-E033F336A026}.Release|Any CPU.Build.0 = Release|Any CPU
		{C945A580-5400-7BA4-1FD7-C497A30112F4}.Debug|Any CPU.ActiveCfg = Debug|Any CPU
		{C945A580-5400-7BA4-1FD7-C497A30112F4}.Debug|Any CPU.Build.0 = Debug|Any CPU
		{C945A580-5400-7BA4-1FD7-C497A30112F4}.Release|Any CPU.ActiveCfg = Release|Any CPU
		{C945A580-5400-7BA4-1FD7-C497A30112F4}.Release|Any CPU.Build.0 = Release|Any CPU
		{40320BE4-AEB5-E028-7BED-818B971CF343}.Debug|Any CPU.ActiveCfg = Debug|Any CPU
		{40320BE4-AEB5-E028-7BED-818B971CF343}.Debug|Any CPU.Build.0 = Debug|Any CPU
		{40320BE4-AEB5-E028-7BED-818B971CF343}.Release|Any CPU.ActiveCfg = Release|Any CPU
		{40320BE4-AEB5-E028-7BED-818B971CF343}.Release|Any CPU.Build.0 = Release|Any CPU
		{43ACE710-3F02-7D9D-BD80-4B4D9009893E}.Debug|Any CPU.ActiveCfg = Debug|Any CPU
		{43ACE710-3F02-7D9D-BD80-4B4D9009893E}.Debug|Any CPU.Build.0 = Debug|Any CPU
		{43ACE710-3F02-7D9D-BD80-4B4D9009893E}.Release|Any CPU.ActiveCfg = Release|Any CPU
		{43ACE710-3F02-7D9D-BD80-4B4D9009893E}.Release|Any CPU.Build.0 = Release|Any CPU
		{7926239A-6C7E-9C3C-C0EF-AC76800C7274}.Debug|Any CPU.ActiveCfg = Debug|Any CPU
		{7926239A-6C7E-9C3C-C0EF-AC76800C7274}.Debug|Any CPU.Build.0 = Debug|Any CPU
		{7926239A-6C7E-9C3C-C0EF-AC76800C7274}.Release|Any CPU.ActiveCfg = Release|Any CPU
		{7926239A-6C7E-9C3C-C0EF-AC76800C7274}.Release|Any CPU.Build.0 = Release|Any CPU
		{B938CEC1-FB25-CEA7-4382-0F0708AEB80F}.Debug|Any CPU.ActiveCfg = Debug|Any CPU
		{B938CEC1-FB25-CEA7-4382-0F0708AEB80F}.Debug|Any CPU.Build.0 = Debug|Any CPU
		{B938CEC1-FB25-CEA7-4382-0F0708AEB80F}.Release|Any CPU.ActiveCfg = Release|Any CPU
		{B938CEC1-FB25-CEA7-4382-0F0708AEB80F}.Release|Any CPU.Build.0 = Release|Any CPU
		{6FA8F7E8-440B-0BD2-A3F4-5BF57734D48C}.Debug|Any CPU.ActiveCfg = Debug|Any CPU
		{6FA8F7E8-440B-0BD2-A3F4-5BF57734D48C}.Debug|Any CPU.Build.0 = Debug|Any CPU
		{6FA8F7E8-440B-0BD2-A3F4-5BF57734D48C}.Release|Any CPU.ActiveCfg = Release|Any CPU
		{6FA8F7E8-440B-0BD2-A3F4-5BF57734D48C}.Release|Any CPU.Build.0 = Release|Any CPU
	EndGlobalSection
	GlobalSection(SolutionProperties) = preSolution
		HideSolutionNode = FALSE
	EndGlobalSection
EndGlobal
